{
  "name": "user",
  "version": "1.0.0",
  "lockfileVersion": 1,
  "requires": true,
  "dependencies": {
    "validate": {
      "version": "file:../common/validate"
    },
    "validator": {
      "version": "13.1.1",
      "resolved": "https://registry.npm.taobao.org/validator/download/validator-13.1.1.tgz",
      "integrity": "sha1-+IETaEc9IXOp2GEVcrWMV4PyI78="
    }
  }
}
